
Microsoft Visual Studio Solution File, Format Version 12.00
# Visual Studio Version 17
VisualStudioVersion = 17.0.31903.59
MinimumVisualStudioVersion = 10.0.40219.1
Project("{FAE04EC0-301F-11D3-BF4B-00C04F79EFBC}") = "BeeHive", "src\BeeHive\BeeHive.csproj", "{302C5017-31E2-4959-A0C6-7A66E5DF7841}"
EndProject
Project("{FAE04EC0-301F-11D3-BF4B-00C04F79EFBC}") = "Playground", "samples\Playground\Playground.csproj", "{D901EEF4-07A0-4E32-AF2B-F3C6BF43FFF5}"
EndProject
Global
	GlobalSection(SolutionConfigurationPlatforms) = preSolution
		Debug|Any CPU = Debug|Any CPU
		Release|Any CPU = Release|Any CPU
	EndGlobalSection
	GlobalSection(SolutionProperties) = preSolution
		HideSolutionNode = FALSE
	EndGlobalSection
	GlobalSection(ProjectConfigurationPlatforms) = postSolution
		{302C5017-31E2-4959-A0C6-7A66E5DF7841}.Debug|Any CPU.ActiveCfg = Debug|Any CPU
		{302C5017-31E2-4959-A0C6-7A66E5DF7841}.Debug|Any CPU.Build.0 = Debug|Any CPU
		{302C5017-31E2-4959-A0C6-7A66E5DF7841}.Release|Any CPU.ActiveCfg = Release|Any CPU
		{302C5017-31E2-4959-A0C6-7A66E5DF7841}.Release|Any CPU.Build.0 = Release|Any CPU
		{D901EEF4-07A0-4E32-AF2B-F3C6BF43FFF5}.Debug|Any CPU.ActiveCfg = Debug|Any CPU
		{D901EEF4-07A0-4E32-AF2B-F3C6BF43FFF5}.Debug|Any CPU.Build.0 = Debug|Any CPU
		{D901EEF4-07A0-4E32-AF2B-F3C6BF43FFF5}.Release|Any CPU.ActiveCfg = Release|Any CPU
		{D901EEF4-07A0-4E32-AF2B-F3C6BF43FFF5}.Release|Any CPU.Build.0 = Release|Any CPU
	EndGlobalSection
EndGlobal
